
Microsoft Visual Studio Solution File, Format Version 12.00
# Visual Studio 15
VisualStudioVersion = 15.0.27130.0
MinimumVisualStudioVersion = 10.0.40219.1
Project("{FAE04EC0-301F-11D3-BF4B-00C04F79EFBC}") = "HOTINST.COMMON", "HOTINST.COMMON\HOTINST.COMMON.csproj", "{6B1E3B3C-BB4B-4075-9CCB-16C496E29B08}"
EndProject
Project("{FAE04EC0-301F-11D3-BF4B-00C04F79EFBC}") = "HOTINST.COMMON.Access", "HOTINST.COMMON.Access\HOTINST.COMMON.Access.csproj", "{08C15966-BCB6-4938-9FE3-2CF7C3FD9E2B}"
EndProject
Project("{FAE04EC0-301F-11D3-BF4B-00C04F79EFBC}") = "UnitTestProject", "UnitTestProject\UnitTestProject.csproj", "{A7FC7627-10BB-4CF7-8991-348B96627156}"
EndProject
Project("{FAE04EC0-301F-11D3-BF4B-00C04F79EFBC}") = "HOTINST.COMMON.Controls", "HOTINST.COMMON.Controls\HOTINST.COMMON.Controls.csproj", "{0691DA82-3D32-4BAF-AB85-0A4118661D29}"
	ProjectSection(ProjectDependencies) = postProject
		{6B1E3B3C-BB4B-4075-9CCB-16C496E29B08} = {6B1E3B3C-BB4B-4075-9CCB-16C496E29B08}
	EndProjectSection
EndProject
Project("{FAE04EC0-301F-11D3-BF4B-00C04F79EFBC}") = "HOTINST.COMMON.DB", "HOTINST.COMMON.DB\HOTINST.COMMON.DB.csproj", "{8F2CE2C5-D556-47CF-8685-F7A9D8E49E90}"
	ProjectSection(ProjectDependencies) = postProject
		{6B1E3B3C-BB4B-4075-9CCB-16C496E29B08} = {6B1E3B3C-BB4B-4075-9CCB-16C496E29B08}
	EndProjectSection
EndProject
Project("{FAE04EC0-301F-11D3-BF4B-00C04F79EFBC}") = "HOTINST.ICD", "HOTINST.ICD\HOTINST.ICD.csproj", "{FA338CE6-644E-4632-89D8-D21ED2D0052C}"
EndProject
Project("{FAE04EC0-301F-11D3-BF4B-00C04F79EFBC}") = "HOTINST.OSGI", "HOTINST.OSGi\HOTINST.OSGI.csproj", "{DDE9E40C-E908-4AA5-850F-9790E8F5FC50}"
EndProject
Global
	GlobalSection(SolutionConfigurationPlatforms) = preSolution
		Debug|Any CPU = Debug|Any CPU
		Debug|x86 = Debug|x86
		Release|Any CPU = Release|Any CPU
		Release|x86 = Release|x86
	EndGlobalSection
	GlobalSection(ProjectConfigurationPlatforms) = postSolution
		{6B1E3B3C-BB4B-4075-9CCB-16C496E29B08}.Debug|Any CPU.ActiveCfg = Debug|Any CPU
		{6B1E3B3C-BB4B-4075-9CCB-16C496E29B08}.Debug|Any CPU.Build.0 = Debug|Any CPU
		{6B1E3B3C-BB4B-4075-9CCB-16C496E29B08}.Debug|x86.ActiveCfg = Debug|Any CPU
		{6B1E3B3C-BB4B-4075-9CCB-16C496E29B08}.Debug|x86.Build.0 = Debug|Any CPU
		{6B1E3B3C-BB4B-4075-9CCB-16C496E29B08}.Release|Any CPU.ActiveCfg = Release|Any CPU
		{6B1E3B3C-BB4B-4075-9CCB-16C496E29B08}.Release|Any CPU.Build.0 = Release|Any CPU
		{6B1E3B3C-BB4B-4075-9CCB-16C496E29B08}.Release|x86.ActiveCfg = Release|Any CPU
		{6B1E3B3C-BB4B-4075-9CCB-16C496E29B08}.Release|x86.Build.0 = Release|Any CPU
		{08C15966-BCB6-4938-9FE3-2CF7C3FD9E2B}.Debug|Any CPU.ActiveCfg = Debug|Any CPU
		{08C15966-BCB6-4938-9FE3-2CF7C3FD9E2B}.Debug|Any CPU.Build.0 = Debug|Any CPU
		{08C15966-BCB6-4938-9FE3-2CF7C3FD9E2B}.Debug|x86.ActiveCfg = Debug|Any CPU
		{08C15966-BCB6-4938-9FE3-2CF7C3FD9E2B}.Debug|x86.Build.0 = Debug|Any CPU
		{08C15966-BCB6-4938-9FE3-2CF7C3FD9E2B}.Release|Any CPU.ActiveCfg = Release|Any CPU
		{08C15966-BCB6-4938-9FE3-2CF7C3FD9E2B}.Release|Any CPU.Build.0 = Release|Any CPU
		{08C15966-BCB6-4938-9FE3-2CF7C3FD9E2B}.Release|x86.ActiveCfg = Release|Any CPU
		{08C15966-BCB6-4938-9FE3-2CF7C3FD9E2B}.Release|x86.Build.0 = Release|Any CPU
		{A7FC7627-10BB-4CF7-8991-348B96627156}.Debug|Any CPU.ActiveCfg = Debug|Any CPU
		{A7FC7627-10BB-4CF7-8991-348B96627156}.Debug|Any CPU.Build.0 = Debug|Any CPU
		{A7FC7627-10BB-4CF7-8991-348B96627156}.Debug|x86.ActiveCfg = Debug|Any CPU
		{A7FC7627-10BB-4CF7-8991-348B96627156}.Debug|x86.Build.0 = Debug|Any CPU
		{A7FC7627-10BB-4CF7-8991-348B96627156}.Release|Any CPU.ActiveCfg = Release|Any CPU
		{A7FC7627-10BB-4CF7-8991-348B96627156}.Release|Any CPU.Build.0 = Release|Any CPU
		{A7FC7627-10BB-4CF7-8991-348B96627156}.Release|x86.ActiveCfg = Release|Any CPU
		{A7FC7627-10BB-4CF7-8991-348B96627156}.Release|x86.Build.0 = Release|Any CPU
		{0691DA82-3D32-4BAF-AB85-0A4118661D29}.Debug|Any CPU.ActiveCfg = Debug|Any CPU
		{0691DA82-3D32-4BAF-AB85-0A4118661D29}.Debug|Any CPU.Build.0 = Debug|Any CPU
		{0691DA82-3D32-4BAF-AB85-0A4118661D29}.Debug|x86.ActiveCfg = Debug|Any CPU
		{0691DA82-3D32-4BAF-AB85-0A4118661D29}.Debug|x86.Build.0 = Debug|Any CPU
		{0691DA82-3D32-4BAF-AB85-0A4118661D29}.Release|Any CPU.ActiveCfg = Release|Any CPU
		{0691DA82-3D32-4BAF-AB85-0A4118661D29}.Release|Any CPU.Build.0 = Release|Any CPU
		{0691DA82-3D32-4BAF-AB85-0A4118661D29}.Release|x86.ActiveCfg = Release|Any CPU
		{0691DA82-3D32-4BAF-AB85-0A4118661D29}.Release|x86.Build.0 = Release|Any CPU
		{8F2CE2C5-D556-47CF-8685-F7A9D8E49E90}.Debug|Any CPU.ActiveCfg = Debug|Any CPU
		{8F2CE2C5-D556-47CF-8685-F7A9D8E49E90}.Debug|Any CPU.Build.0 = Debug|Any CPU
		{8F2CE2C5-D556-47CF-8685-F7A9D8E49E90}.Debug|x86.ActiveCfg = Debug|Any CPU
		{8F2CE2C5-D556-47CF-8685-F7A9D8E49E90}.Debug|x86.Build.0 = Debug|Any CPU
		{8F2CE2C5-D556-47CF-8685-F7A9D8E49E90}.Release|Any CPU.ActiveCfg = Release|Any CPU
		{8F2CE2C5-D556-47CF-8685-F7A9D8E49E90}.Release|Any CPU.Build.0 = Release|Any CPU
		{8F2CE2C5-D556-47CF-8685-F7A9D8E49E90}.Release|x86.ActiveCfg = Release|Any CPU
		{8F2CE2C5-D556-47CF-8685-F7A9D8E49E90}.Release|x86.Build.0 = Release|Any CPU
		{FA338CE6-644E-4632-89D8-D21ED2D0052C}.Debug|Any CPU.ActiveCfg = Debug|Any CPU
		{FA338CE6-644E-4632-89D8-D21ED2D0052C}.Debug|Any CPU.Build.0 = Debug|Any CPU
		{FA338CE6-644E-4632-89D8-D21ED2D0052C}.Debug|x86.ActiveCfg = Debug|x86
		{FA338CE6-644E-4632-89D8-D21ED2D0052C}.Debug|x86.Build.0 = Debug|x86
		{FA338CE6-644E-4632-89D8-D21ED2D0052C}.Release|Any CPU.ActiveCfg = Release|Any CPU
		{FA338CE6-644E-4632-89D8-D21ED2D0052C}.Release|Any CPU.Build.0 = Release|Any CPU
		{FA338CE6-644E-4632-89D8-D21ED2D0052C}.Release|x86.ActiveCfg = Release|x86
		{FA338CE6-644E-4632-89D8-D21ED2D0052C}.Release|x86.Build.0 = Release|x86
		{DDE9E40C-E908-4AA5-850F-9790E8F5FC50}.Debug|Any CPU.ActiveCfg = Debug|Any CPU
		{DDE9E40C-E908-4AA5-850F-9790E8F5FC50}.Debug|Any CPU.Build.0 = Debug|Any CPU
		{DDE9E40C-E908-4AA5-850F-9790E8F5FC50}.Debug|x86.ActiveCfg = Debug|Any CPU
		{DDE9E40C-E908-4AA5-850F-9790E8F5FC50}.Debug|x86.Build.0 = Debug|Any CPU
		{DDE9E40C-E908-4AA5-850F-9790E8F5FC50}.Release|Any CPU.ActiveCfg = Release|Any CPU
		{DDE9E40C-E908-4AA5-850F-9790E8F5FC50}.Release|Any CPU.Build.0 = Release|Any CPU
		{DDE9E40C-E908-4AA5-850F-9790E8F5FC50}.Release|x86.ActiveCfg = Release|Any CPU
		{DDE9E40C-E908-4AA5-850F-9790E8F5FC50}.Release|x86.Build.0 = Release|Any CPU
	EndGlobalSection
	GlobalSection(SolutionProperties) = preSolution
		HideSolutionNode = FALSE
	EndGlobalSection
	GlobalSection(ExtensibilityGlobals) = postSolution
		SolutionGuid = {C4972CBB-D9A4-4792-8897-FAD605A2D9ED}
	EndGlobalSection
EndGlobal
