
Microsoft Visual Studio Solution File, Format Version 12.00
# Visual Studio 15
VisualStudioVersion = 15.0.27130.2010
MinimumVisualStudioVersion = 10.0.40219.1
Project("{FAE04EC0-301F-11D3-BF4B-00C04F79EFBC}") = "HOTINST.OSGI", "HOTINST.OSGi\HOTINST.OSGI.csproj", "{DDE9E40C-E908-4AA5-850F-9790E8F5FC50}"
EndProject
Project("{FAE04EC0-301F-11D3-BF4B-00C04F79EFBC}") = "HOTINST.OSGI.TEST", "HOTINST.OSGi.TEST\HOTINST.OSGI.TEST.csproj", "{CF2300ED-573F-41A5-92AD-1A553CB08D5B}"
EndProject
Project("{FAE04EC0-301F-11D3-BF4B-00C04F79EFBC}") = "HOTINST.OSGI.ConsoleSample", "HOTINST.OSGi.ConsoleSample\HOTINST.OSGI.ConsoleSample.csproj", "{D769E828-2856-4490-84A1-4C9C62F87346}"
EndProject
Project("{2150E333-8FDC-42A3-9474-1A3956D46DE8}") = "Sample", "Sample", "{C9431956-04D1-4167-B292-4BDB7341B2DD}"
EndProject
Project("{2150E333-8FDC-42A3-9474-1A3956D46DE8}") = "Framework", "Framework", "{AC511D6F-0840-4CD3-9742-A59D1D96A58E}"
EndProject
Project("{2150E333-8FDC-42A3-9474-1A3956D46DE8}") = "Console", "Console", "{0131B581-7305-4210-B191-E8BECA510E0E}"
EndProject
Project("{FAE04EC0-301F-11D3-BF4B-00C04F79EFBC}") = "BundleDemoA", "Sample\Console\BundleDemoA\BundleDemoA.csproj", "{7ED12363-60FF-4F95-82C2-460FFCFBF941}"
EndProject
Project("{FAE04EC0-301F-11D3-BF4B-00C04F79EFBC}") = "BundleDemoB", "Sample\Console\BundleDemoB\BundleDemoB.csproj", "{5388E171-5570-4DE6-823C-936567BDC838}"
EndProject
Project("{FAE04EC0-301F-11D3-BF4B-00C04F79EFBC}") = "ConsoleDemo", "Sample\Console\ConsoleDemo\ConsoleDemo.csproj", "{3C3469E6-22B1-44DC-B711-CBE07648BD47}"
EndProject
Project("{FAE04EC0-301F-11D3-BF4B-00C04F79EFBC}") = "ServiceContract", "Sample\Console\ServiceContract\ServiceContract.csproj", "{7015A730-E4E4-413C-BB3A-B18C971B6800}"
EndProject
Project("{FAE04EC0-301F-11D3-BF4B-00C04F79EFBC}") = "ReferenceLibrary", "Sample\Console\ReferenceLibrary\ReferenceLibrary.csproj", "{0FAFA3F5-ECAA-4DC2-ADB5-3756D0094215}"
EndProject
Global
	GlobalSection(SolutionConfigurationPlatforms) = preSolution
		Debug|Any CPU = Debug|Any CPU
		Release|Any CPU = Release|Any CPU
	EndGlobalSection
	GlobalSection(ProjectConfigurationPlatforms) = postSolution
		{DDE9E40C-E908-4AA5-850F-9790E8F5FC50}.Debug|Any CPU.ActiveCfg = Debug|Any CPU
		{DDE9E40C-E908-4AA5-850F-9790E8F5FC50}.Debug|Any CPU.Build.0 = Debug|Any CPU
		{DDE9E40C-E908-4AA5-850F-9790E8F5FC50}.Release|Any CPU.ActiveCfg = Release|Any CPU
		{DDE9E40C-E908-4AA5-850F-9790E8F5FC50}.Release|Any CPU.Build.0 = Release|Any CPU
		{CF2300ED-573F-41A5-92AD-1A553CB08D5B}.Debug|Any CPU.ActiveCfg = Debug|Any CPU
		{CF2300ED-573F-41A5-92AD-1A553CB08D5B}.Debug|Any CPU.Build.0 = Debug|Any CPU
		{CF2300ED-573F-41A5-92AD-1A553CB08D5B}.Release|Any CPU.ActiveCfg = Release|Any CPU
		{CF2300ED-573F-41A5-92AD-1A553CB08D5B}.Release|Any CPU.Build.0 = Release|Any CPU
		{D769E828-2856-4490-84A1-4C9C62F87346}.Debug|Any CPU.ActiveCfg = Debug|Any CPU
		{D769E828-2856-4490-84A1-4C9C62F87346}.Debug|Any CPU.Build.0 = Debug|Any CPU
		{D769E828-2856-4490-84A1-4C9C62F87346}.Release|Any CPU.ActiveCfg = Release|Any CPU
		{D769E828-2856-4490-84A1-4C9C62F87346}.Release|Any CPU.Build.0 = Release|Any CPU
		{7ED12363-60FF-4F95-82C2-460FFCFBF941}.Debug|Any CPU.ActiveCfg = Debug|Any CPU
		{7ED12363-60FF-4F95-82C2-460FFCFBF941}.Debug|Any CPU.Build.0 = Debug|Any CPU
		{7ED12363-60FF-4F95-82C2-460FFCFBF941}.Release|Any CPU.ActiveCfg = Release|Any CPU
		{7ED12363-60FF-4F95-82C2-460FFCFBF941}.Release|Any CPU.Build.0 = Release|Any CPU
		{5388E171-5570-4DE6-823C-936567BDC838}.Debug|Any CPU.ActiveCfg = Debug|Any CPU
		{5388E171-5570-4DE6-823C-936567BDC838}.Debug|Any CPU.Build.0 = Debug|Any CPU
		{5388E171-5570-4DE6-823C-936567BDC838}.Release|Any CPU.ActiveCfg = Release|Any CPU
		{5388E171-5570-4DE6-823C-936567BDC838}.Release|Any CPU.Build.0 = Release|Any CPU
		{3C3469E6-22B1-44DC-B711-CBE07648BD47}.Debug|Any CPU.ActiveCfg = Debug|Any CPU
		{3C3469E6-22B1-44DC-B711-CBE07648BD47}.Debug|Any CPU.Build.0 = Debug|Any CPU
		{3C3469E6-22B1-44DC-B711-CBE07648BD47}.Release|Any CPU.ActiveCfg = Release|Any CPU
		{3C3469E6-22B1-44DC-B711-CBE07648BD47}.Release|Any CPU.Build.0 = Release|Any CPU
		{7015A730-E4E4-413C-BB3A-B18C971B6800}.Debug|Any CPU.ActiveCfg = Debug|Any CPU
		{7015A730-E4E4-413C-BB3A-B18C971B6800}.Debug|Any CPU.Build.0 = Debug|Any CPU
		{7015A730-E4E4-413C-BB3A-B18C971B6800}.Release|Any CPU.ActiveCfg = Release|Any CPU
		{7015A730-E4E4-413C-BB3A-B18C971B6800}.Release|Any CPU.Build.0 = Release|Any CPU
		{0FAFA3F5-ECAA-4DC2-ADB5-3756D0094215}.Debug|Any CPU.ActiveCfg = Debug|Any CPU
		{0FAFA3F5-ECAA-4DC2-ADB5-3756D0094215}.Debug|Any CPU.Build.0 = Debug|Any CPU
		{0FAFA3F5-ECAA-4DC2-ADB5-3756D0094215}.Release|Any CPU.ActiveCfg = Release|Any CPU
		{0FAFA3F5-ECAA-4DC2-ADB5-3756D0094215}.Release|Any CPU.Build.0 = Release|Any CPU
	EndGlobalSection
	GlobalSection(SolutionProperties) = preSolution
		HideSolutionNode = FALSE
	EndGlobalSection
	GlobalSection(NestedProjects) = preSolution
		{DDE9E40C-E908-4AA5-850F-9790E8F5FC50} = {AC511D6F-0840-4CD3-9742-A59D1D96A58E}
		{CF2300ED-573F-41A5-92AD-1A553CB08D5B} = {AC511D6F-0840-4CD3-9742-A59D1D96A58E}
		{D769E828-2856-4490-84A1-4C9C62F87346} = {AC511D6F-0840-4CD3-9742-A59D1D96A58E}
		{0131B581-7305-4210-B191-E8BECA510E0E} = {C9431956-04D1-4167-B292-4BDB7341B2DD}
		{7ED12363-60FF-4F95-82C2-460FFCFBF941} = {0131B581-7305-4210-B191-E8BECA510E0E}
		{5388E171-5570-4DE6-823C-936567BDC838} = {0131B581-7305-4210-B191-E8BECA510E0E}
		{3C3469E6-22B1-44DC-B711-CBE07648BD47} = {0131B581-7305-4210-B191-E8BECA510E0E}
		{7015A730-E4E4-413C-BB3A-B18C971B6800} = {0131B581-7305-4210-B191-E8BECA510E0E}
		{0FAFA3F5-ECAA-4DC2-ADB5-3756D0094215} = {0131B581-7305-4210-B191-E8BECA510E0E}
	EndGlobalSection
	GlobalSection(ExtensibilityGlobals) = postSolution
		SolutionGuid = {BB66E73E-2B07-488A-B766-5A02EFF83860}
		VisualSVNWorkingCopyRoot = .
	EndGlobalSection
EndGlobal
